
Microsoft Visual Studio Solution File, Format Version 12.00
# Visual Studio 2012
Project("{2857B73E-F847-4B02-9238-064979017E93}") = "FileSync", "FileSync\FileSync.cproj", "{1926D52A-66BE-4D25-B6A3-1E691CDD8B18}"
EndProject
Global
	GlobalSection(SolutionConfigurationPlatforms) = preSolution
		Debug|Any CPU = Debug|Any CPU
		Release|Any CPU = Release|Any CPU
	EndGlobalSection
	GlobalSection(ProjectConfigurationPlatforms) = postSolution
		{1926D52A-66BE-4D25-B6A3-1E691CDD8B18}.Debug|Any CPU.ActiveCfg = Debug|Any CPU
		{1926D52A-66BE-4D25-B6A3-1E691CDD8B18}.Debug|Any CPU.Build.0 = Debug|Any CPU
		{1926D52A-66BE-4D25-B6A3-1E691CDD8B18}.Release|Any CPU.ActiveCfg = Release|Any CPU
		{1926D52A-66BE-4D25-B6A3-1E691CDD8B18}.Release|Any CPU.Build.0 = Release|Any CPU
	EndGlobalSection
	GlobalSection(MonoDevelopProperties) = preSolution
		StartupItem = FileSync\FileSync.cproj
	EndGlobalSection
EndGlobal
